// !$*UTF8*$!
{
	archiveVersion = 1;
	classes = {
	};
	objectVersion = 56;
	objects = {

/* Begin PBXBuildFile section */
		7F4772DD2C537151004B995B /* APIManager.swift in Sources */ = {isa = PBXBuildFile; fileRef = 7F4772DC2C537151004B995B /* APIManager.swift */; };
		7F4773242C53AE65004B995B /* WhetherDetailsViewModel.swift in Sources */ = {isa = PBXBuildFile; fileRef = 7F4773232C53AE65004B995B /* WhetherDetailsViewModel.swift */; };
		7F4773262C579979004B995B /* HomeViewModel.swift in Sources */ = {isa = PBXBuildFile; fileRef = 7F4773252C579979004B995B /* HomeViewModel.swift */; };
		7F47732A2C57AD34004B995B /* LoginViewModel.swift in Sources */ = {isa = PBXBuildFile; fileRef = 7F4773292C57AD34004B995B /* LoginViewModel.swift */; };
		7F47732C2C58BA3C004B995B /* UserListViewModel.swift in Sources */ = {isa = PBXBuildFile; fileRef = 7F47732B2C58BA3C004B995B /* UserListViewModel.swift */; };
		7F47732E2C58C244004B995B /* UserDetailsViewModel.swift in Sources */ = {isa = PBXBuildFile; fileRef = 7F47732D2C58C244004B995B /* UserDetailsViewModel.swift */; };
		7F4773312C58EED2004B995B /* SignUpViewModel.swift in Sources */ = {isa = PBXBuildFile; fileRef = 7F4773302C58EED2004B995B /* SignUpViewModel.swift */; };
		7F4773352C59FF07004B995B /* Coordinator.swift in Sources */ = {isa = PBXBuildFile; fileRef = 7F4773342C59FF07004B995B /* Coordinator.swift */; };
		7F4773372C5A01EA004B995B /* MainCoordinator.swift in Sources */ = {isa = PBXBuildFile; fileRef = 7F4773362C5A01EA004B995B /* MainCoordinator.swift */; };
		7F4773392C5A6658004B995B /* LoginCoordinator.swift in Sources */ = {isa = PBXBuildFile; fileRef = 7F4773382C5A6658004B995B /* LoginCoordinator.swift */; };
		7F47733B2C5A66C3004B995B /* HomeCoordinator.swift in Sources */ = {isa = PBXBuildFile; fileRef = 7F47733A2C5A66C3004B995B /* HomeCoordinator.swift */; };
		7F47733D2C5A6718004B995B /* UserListCoordinator.swift in Sources */ = {isa = PBXBuildFile; fileRef = 7F47733C2C5A6718004B995B /* UserListCoordinator.swift */; };
		7F47733F2C5B4FDF004B995B /* SignUpCoordinator.swift in Sources */ = {isa = PBXBuildFile; fileRef = 7F47733E2C5B4FDF004B995B /* SignUpCoordinator.swift */; };
		7F51406D2C50CD14001A8D6E /* AppDelegate.swift in Sources */ = {isa = PBXBuildFile; fileRef = 7F51406C2C50CD14001A8D6E /* AppDelegate.swift */; };
		7F51406F2C50CD14001A8D6E /* SceneDelegate.swift in Sources */ = {isa = PBXBuildFile; fileRef = 7F51406E2C50CD14001A8D6E /* SceneDelegate.swift */; };
		7F5140712C50CD14001A8D6E /* LoginPageViewController.swift in Sources */ = {isa = PBXBuildFile; fileRef = 7F5140702C50CD14001A8D6E /* LoginPageViewController.swift */; };
		7F5140772C50CD14001A8D6E /* WorldWether.xcdatamodeld in Sources */ = {isa = PBXBuildFile; fileRef = 7F5140752C50CD14001A8D6E /* WorldWether.xcdatamodeld */; };
		7F5140792C50CD17001A8D6E /* Assets.xcassets in Resources */ = {isa = PBXBuildFile; fileRef = 7F5140782C50CD17001A8D6E /* Assets.xcassets */; };
		7F51407C2C50CD17001A8D6E /* LaunchScreen.storyboard in Resources */ = {isa = PBXBuildFile; fileRef = 7F51407A2C50CD17001A8D6E /* LaunchScreen.storyboard */; };
		7F5140872C50CD17001A8D6E /* WorldWetherTests.swift in Sources */ = {isa = PBXBuildFile; fileRef = 7F5140862C50CD17001A8D6E /* WorldWetherTests.swift */; };
		7F5140912C50CD17001A8D6E /* WorldWetherUITests.swift in Sources */ = {isa = PBXBuildFile; fileRef = 7F5140902C50CD17001A8D6E /* WorldWetherUITests.swift */; };
		7F5140932C50CD17001A8D6E /* WorldWetherUITestsLaunchTests.swift in Sources */ = {isa = PBXBuildFile; fileRef = 7F5140922C50CD17001A8D6E /* WorldWetherUITestsLaunchTests.swift */; };
		7F5140A02C50D5D6001A8D6E /* HomePageViewController.swift in Sources */ = {isa = PBXBuildFile; fileRef = 7F51409F2C50D5D6001A8D6E /* HomePageViewController.swift */; };
		7F5140A22C50D5E5001A8D6E /* SignUpPageViewController.swift in Sources */ = {isa = PBXBuildFile; fileRef = 7F5140A12C50D5E5001A8D6E /* SignUpPageViewController.swift */; };
		7F5140A42C50E3DD001A8D6E /* SignUpModel.swift in Sources */ = {isa = PBXBuildFile; fileRef = 7F5140A32C50E3DD001A8D6E /* SignUpModel.swift */; };
		7F5140A72C510E15001A8D6E /* SearchPlaceTableViewController.swift in Sources */ = {isa = PBXBuildFile; fileRef = 7F5140A62C510E15001A8D6E /* SearchPlaceTableViewController.swift */; };
		7F5140A92C5113AB001A8D6E /* UserListViewController.swift in Sources */ = {isa = PBXBuildFile; fileRef = 7F5140A82C5113AB001A8D6E /* UserListViewController.swift */; };
		7F5140AB2C51154E001A8D6E /* WhetherModel.swift in Sources */ = {isa = PBXBuildFile; fileRef = 7F5140AA2C51154E001A8D6E /* WhetherModel.swift */; };
		7F5140AD2C5217CC001A8D6E /* UserListTableViewCell.swift in Sources */ = {isa = PBXBuildFile; fileRef = 7F5140AC2C5217CC001A8D6E /* UserListTableViewCell.swift */; };
		7F5140B02C5219D8001A8D6E /* UserDetailsViewController.swift in Sources */ = {isa = PBXBuildFile; fileRef = 7F5140AF2C5219D8001A8D6E /* UserDetailsViewController.swift */; };
/* End PBXBuildFile section */

/* Begin PBXContainerItemProxy section */
		7F5140832C50CD17001A8D6E /* PBXContainerItemProxy */ = {
			isa = PBXContainerItemProxy;
			containerPortal = 7F5140612C50CD14001A8D6E /* Project object */;
			proxyType = 1;
			remoteGlobalIDString = 7F5140682C50CD14001A8D6E;
			remoteInfo = WorldWether;
		};
		7F51408D2C50CD17001A8D6E /* PBXContainerItemProxy */ = {
			isa = PBXContainerItemProxy;
			containerPortal = 7F5140612C50CD14001A8D6E /* Project object */;
			proxyType = 1;
			remoteGlobalIDString = 7F5140682C50CD14001A8D6E;
			remoteInfo = WorldWether;
		};
/* End PBXContainerItemProxy section */

/* Begin PBXFileReference section */
		7F4772DC2C537151004B995B /* APIManager.swift */ = {isa = PBXFileReference; lastKnownFileType = sourcecode.swift; path = APIManager.swift; sourceTree = "<group>"; };
		7F4773232C53AE65004B995B /* WhetherDetailsViewModel.swift */ = {isa = PBXFileReference; lastKnownFileType = sourcecode.swift; path = WhetherDetailsViewModel.swift; sourceTree = "<group>"; };
		7F4773252C579979004B995B /* HomeViewModel.swift */ = {isa = PBXFileReference; lastKnownFileType = sourcecode.swift; path = HomeViewModel.swift; sourceTree = "<group>"; };
		7F4773292C57AD34004B995B /* LoginViewModel.swift */ = {isa = PBXFileReference; lastKnownFileType = sourcecode.swift; path = LoginViewModel.swift; sourceTree = "<group>"; };
		7F47732B2C58BA3C004B995B /* UserListViewModel.swift */ = {isa = PBXFileReference; lastKnownFileType = sourcecode.swift; path = UserListViewModel.swift; sourceTree = "<group>"; };
		7F47732D2C58C244004B995B /* UserDetailsViewModel.swift */ = {isa = PBXFileReference; lastKnownFileType = sourcecode.swift; path = UserDetailsViewModel.swift; sourceTree = "<group>"; };
		7F4773302C58EED2004B995B /* SignUpViewModel.swift */ = {isa = PBXFileReference; lastKnownFileType = sourcecode.swift; path = SignUpViewModel.swift; sourceTree = "<group>"; };
		7F4773342C59FF07004B995B /* Coordinator.swift */ = {isa = PBXFileReference; lastKnownFileType = sourcecode.swift; path = Coordinator.swift; sourceTree = "<group>"; };
		7F4773362C5A01EA004B995B /* MainCoordinator.swift */ = {isa = PBXFileReference; lastKnownFileType = sourcecode.swift; path = MainCoordinator.swift; sourceTree = "<group>"; };
		7F4773382C5A6658004B995B /* LoginCoordinator.swift */ = {isa = PBXFileReference; lastKnownFileType = sourcecode.swift; path = LoginCoordinator.swift; sourceTree = "<group>"; };
		7F47733A2C5A66C3004B995B /* HomeCoordinator.swift */ = {isa = PBXFileReference; lastKnownFileType = sourcecode.swift; path = HomeCoordinator.swift; sourceTree = "<group>"; };
		7F47733C2C5A6718004B995B /* UserListCoordinator.swift */ = {isa = PBXFileReference; lastKnownFileType = sourcecode.swift; path = UserListCoordinator.swift; sourceTree = "<group>"; };
		7F47733E2C5B4FDF004B995B /* SignUpCoordinator.swift */ = {isa = PBXFileReference; lastKnownFileType = sourcecode.swift; path = SignUpCoordinator.swift; sourceTree = "<group>"; };
		7F5140692C50CD14001A8D6E /* WorldWether.app */ = {isa = PBXFileReference; explicitFileType = wrapper.application; includeInIndex = 0; path = WorldWether.app; sourceTree = BUILT_PRODUCTS_DIR; };
		7F51406C2C50CD14001A8D6E /* AppDelegate.swift */ = {isa = PBXFileReference; lastKnownFileType = sourcecode.swift; path = AppDelegate.swift; sourceTree = "<group>"; };
		7F51406E2C50CD14001A8D6E /* SceneDelegate.swift */ = {isa = PBXFileReference; lastKnownFileType = sourcecode.swift; path = SceneDelegate.swift; sourceTree = "<group>"; };
		7F5140702C50CD14001A8D6E /* LoginPageViewController.swift */ = {isa = PBXFileReference; lastKnownFileType = sourcecode.swift; path = LoginPageViewController.swift; sourceTree = "<group>"; };
		7F5140762C50CD14001A8D6E /* WorldWether.xcdatamodel */ = {isa = PBXFileReference; lastKnownFileType = wrapper.xcdatamodel; path = WorldWether.xcdatamodel; sourceTree = "<group>"; };
		7F5140782C50CD17001A8D6E /* Assets.xcassets */ = {isa = PBXFileReference; lastKnownFileType = folder.assetcatalog; path = Assets.xcassets; sourceTree = "<group>"; };
		7F51407B2C50CD17001A8D6E /* Base */ = {isa = PBXFileReference; lastKnownFileType = file.storyboard; name = Base; path = Base.lproj/LaunchScreen.storyboard; sourceTree = "<group>"; };
		7F51407D2C50CD17001A8D6E /* Info.plist */ = {isa = PBXFileReference; lastKnownFileType = text.plist.xml; path = Info.plist; sourceTree = "<group>"; };
		7F5140822C50CD17001A8D6E /* WorldWetherTests.xctest */ = {isa = PBXFileReference; explicitFileType = wrapper.cfbundle; includeInIndex = 0; path = WorldWetherTests.xctest; sourceTree = BUILT_PRODUCTS_DIR; };
		7F5140862C50CD17001A8D6E /* WorldWetherTests.swift */ = {isa = PBXFileReference; lastKnownFileType = sourcecode.swift; path = WorldWetherTests.swift; sourceTree = "<group>"; };
		7F51408C2C50CD17001A8D6E /* WorldWetherUITests.xctest */ = {isa = PBXFileReference; explicitFileType = wrapper.cfbundle; includeInIndex = 0; path = WorldWetherUITests.xctest; sourceTree = BUILT_PRODUCTS_DIR; };
		7F5140902C50CD17001A8D6E /* WorldWetherUITests.swift */ = {isa = PBXFileReference; lastKnownFileType = sourcecode.swift; path = WorldWetherUITests.swift; sourceTree = "<group>"; };
		7F5140922C50CD17001A8D6E /* WorldWetherUITestsLaunchTests.swift */ = {isa = PBXFileReference; lastKnownFileType = sourcecode.swift; path = WorldWetherUITestsLaunchTests.swift; sourceTree = "<group>"; };
		7F51409F2C50D5D6001A8D6E /* HomePageViewController.swift */ = {isa = PBXFileReference; lastKnownFileType = sourcecode.swift; path = HomePageViewController.swift; sourceTree = "<group>"; };
		7F5140A12C50D5E5001A8D6E /* SignUpPageViewController.swift */ = {isa = PBXFileReference; lastKnownFileType = sourcecode.swift; path = SignUpPageViewController.swift; sourceTree = "<group>"; };
		7F5140A32C50E3DD001A8D6E /* SignUpModel.swift */ = {isa = PBXFileReference; lastKnownFileType = sourcecode.swift; path = SignUpModel.swift; sourceTree = "<group>"; };
		7F5140A62C510E15001A8D6E /* SearchPlaceTableViewController.swift */ = {isa = PBXFileReference; lastKnownFileType = sourcecode.swift; path = SearchPlaceTableViewController.swift; sourceTree = "<group>"; };
		7F5140A82C5113AB001A8D6E /* UserListViewController.swift */ = {isa = PBXFileReference; lastKnownFileType = sourcecode.swift; path = UserListViewController.swift; sourceTree = "<group>"; };
		7F5140AA2C51154E001A8D6E /* WhetherModel.swift */ = {isa = PBXFileReference; lastKnownFileType = sourcecode.swift; path = WhetherModel.swift; sourceTree = "<group>"; };
		7F5140AC2C5217CC001A8D6E /* UserListTableViewCell.swift */ = {isa = PBXFileReference; lastKnownFileType = sourcecode.swift; path = UserListTableViewCell.swift; sourceTree = "<group>"; };
		7F5140AF2C5219D8001A8D6E /* UserDetailsViewController.swift */ = {isa = PBXFileReference; lastKnownFileType = sourcecode.swift; path = UserDetailsViewController.swift; sourceTree = "<group>"; };
/* End PBXFileReference section */

/* Begin PBXFrameworksBuildPhase section */
		7F5140662C50CD14001A8D6E /* Frameworks */ = {
			isa = PBXFrameworksBuildPhase;
			buildActionMask = 2147483647;
			files = (
			);
			runOnlyForDeploymentPostprocessing = 0;
		};
		7F51407F2C50CD17001A8D6E /* Frameworks */ = {
			isa = PBXFrameworksBuildPhase;
			buildActionMask = 2147483647;
			files = (
			);
			runOnlyForDeploymentPostprocessing = 0;
		};
		7F5140892C50CD17001A8D6E /* Frameworks */ = {
			isa = PBXFrameworksBuildPhase;
			buildActionMask = 2147483647;
			files = (
			);
			runOnlyForDeploymentPostprocessing = 0;
		};
/* End PBXFrameworksBuildPhase section */

/* Begin PBXGroup section */
		7F4773282C579A6C004B995B /* Network Manager */ = {
			isa = PBXGroup;
			children = (
				7F4772DC2C537151004B995B /* APIManager.swift */,
				7F4773232C53AE65004B995B /* WhetherDetailsViewModel.swift */,
			);
			path = "Network Manager";
			sourceTree = "<group>";
		};
		7F4773322C58F814004B995B /* UserDetailsController */ = {
			isa = PBXGroup;
			children = (
				7F5140AF2C5219D8001A8D6E /* UserDetailsViewController.swift */,
				7F47732D2C58C244004B995B /* UserDetailsViewModel.swift */,
			);
			path = UserDetailsController;
			sourceTree = "<group>";
		};
		7F4773332C59FED4004B995B /* Coordinators */ = {
			isa = PBXGroup;
			children = (
				7F4773342C59FF07004B995B /* Coordinator.swift */,
				7F4773362C5A01EA004B995B /* MainCoordinator.swift */,
				7F4773382C5A6658004B995B /* LoginCoordinator.swift */,
				7F47733E2C5B4FDF004B995B /* SignUpCoordinator.swift */,
				7F47733A2C5A66C3004B995B /* HomeCoordinator.swift */,
				7F47733C2C5A6718004B995B /* UserListCoordinator.swift */,
			);
			path = Coordinators;
			sourceTree = "<group>";
		};
		7F4773422C5B9489004B995B /* AppControllers */ = {
			isa = PBXGroup;
			children = (
				7F51406C2C50CD14001A8D6E /* AppDelegate.swift */,
				7F51406E2C50CD14001A8D6E /* SceneDelegate.swift */,
				7F5140782C50CD17001A8D6E /* Assets.xcassets */,
				7F5140752C50CD14001A8D6E /* WorldWether.xcdatamodeld */,
			);
			path = AppControllers;
			sourceTree = "<group>";
		};
		7F5140602C50CD14001A8D6E = {
			isa = PBXGroup;
			children = (
				7F51406B2C50CD14001A8D6E /* WorldWether */,
				7F5140852C50CD17001A8D6E /* WorldWetherTests */,
				7F51408F2C50CD17001A8D6E /* WorldWetherUITests */,
				7F51406A2C50CD14001A8D6E /* Products */,
			);
			sourceTree = "<group>";
		};
		7F51406A2C50CD14001A8D6E /* Products */ = {
			isa = PBXGroup;
			children = (
				7F5140692C50CD14001A8D6E /* WorldWether.app */,
				7F5140822C50CD17001A8D6E /* WorldWetherTests.xctest */,
				7F51408C2C50CD17001A8D6E /* WorldWetherUITests.xctest */,
			);
			name = Products;
			sourceTree = "<group>";
		};
		7F51406B2C50CD14001A8D6E /* WorldWether */ = {
			isa = PBXGroup;
			children = (
				7F4773422C5B9489004B995B /* AppControllers */,
				7F4773332C59FED4004B995B /* Coordinators */,
				7F5140B12C521A40001A8D6E /* Login Controller */,
				7F5140B22C521A52001A8D6E /* SignUp Controller */,
				7F5140A52C510D73001A8D6E /* MapController */,
				7F5140AE2C5217D4001A8D6E /* UserList Controller */,
				7F4773322C58F814004B995B /* UserDetailsController */,
				7F51407A2C50CD17001A8D6E /* LaunchScreen.storyboard */,
				7F51407D2C50CD17001A8D6E /* Info.plist */,
			);
			path = WorldWether;
			sourceTree = "<group>";
		};
		7F5140852C50CD17001A8D6E /* WorldWetherTests */ = {
			isa = PBXGroup;
			children = (
				7F5140862C50CD17001A8D6E /* WorldWetherTests.swift */,
			);
			path = WorldWetherTests;
			sourceTree = "<group>";
		};
		7F51408F2C50CD17001A8D6E /* WorldWetherUITests */ = {
			isa = PBXGroup;
			children = (
				7F5140902C50CD17001A8D6E /* WorldWetherUITests.swift */,
				7F5140922C50CD17001A8D6E /* WorldWetherUITestsLaunchTests.swift */,
			);
			path = WorldWetherUITests;
			sourceTree = "<group>";
		};
		7F5140A52C510D73001A8D6E /* MapController */ = {
			isa = PBXGroup;
			children = (
				7F51409F2C50D5D6001A8D6E /* HomePageViewController.swift */,
				7F5140A62C510E15001A8D6E /* SearchPlaceTableViewController.swift */,
				7F4773252C579979004B995B /* HomeViewModel.swift */,
				7F5140AA2C51154E001A8D6E /* WhetherModel.swift */,
				7F4773282C579A6C004B995B /* Network Manager */,
			);
			path = MapController;
			sourceTree = "<group>";
		};
		7F5140AE2C5217D4001A8D6E /* UserList Controller */ = {
			isa = PBXGroup;
			children = (
				7F5140A82C5113AB001A8D6E /* UserListViewController.swift */,
				7F47732B2C58BA3C004B995B /* UserListViewModel.swift */,
				7F5140AC2C5217CC001A8D6E /* UserListTableViewCell.swift */,
			);
			path = "UserList Controller";
			sourceTree = "<group>";
		};
		7F5140B12C521A40001A8D6E /* Login Controller */ = {
			isa = PBXGroup;
			children = (
				7F5140702C50CD14001A8D6E /* LoginPageViewController.swift */,
				7F4773292C57AD34004B995B /* LoginViewModel.swift */,
			);
			path = "Login Controller";
			sourceTree = "<group>";
		};
		7F5140B22C521A52001A8D6E /* SignUp Controller */ = {
			isa = PBXGroup;
			children = (
				7F5140A12C50D5E5001A8D6E /* SignUpPageViewController.swift */,
				7F4773302C58EED2004B995B /* SignUpViewModel.swift */,
				7F5140A32C50E3DD001A8D6E /* SignUpModel.swift */,
			);
			path = "SignUp Controller";
			sourceTree = "<group>";
		};
/* End PBXGroup section */

/* Begin PBXNativeTarget section */
		7F5140682C50CD14001A8D6E /* WorldWether */ = {
			isa = PBXNativeTarget;
			buildConfigurationList = 7F5140962C50CD17001A8D6E /* Build configuration list for PBXNativeTarget "WorldWether" */;
			buildPhases = (
				7F5140652C50CD14001A8D6E /* Sources */,
				7F5140662C50CD14001A8D6E /* Frameworks */,
				7F5140672C50CD14001A8D6E /* Resources */,
			);
			buildRules = (
			);
			dependencies = (
			);
			name = WorldWether;
			productName = WorldWether;
			productReference = 7F5140692C50CD14001A8D6E /* WorldWether.app */;
			productType = "com.apple.product-type.application";
		};
		7F5140812C50CD17001A8D6E /* WorldWetherTests */ = {
			isa = PBXNativeTarget;
			buildConfigurationList = 7F5140992C50CD17001A8D6E /* Build configuration list for PBXNativeTarget "WorldWetherTests" */;
			buildPhases = (
				7F51407E2C50CD17001A8D6E /* Sources */,
				7F51407F2C50CD17001A8D6E /* Frameworks */,
				7F5140802C50CD17001A8D6E /* Resources */,
			);
			buildRules = (
			);
			dependencies = (
				7F5140842C50CD17001A8D6E /* PBXTargetDependency */,
			);
			name = WorldWetherTests;
			productName = WorldWetherTests;
			productReference = 7F5140822C50CD17001A8D6E /* WorldWetherTests.xctest */;
			productType = "com.apple.product-type.bundle.unit-test";
		};
		7F51408B2C50CD17001A8D6E /* WorldWetherUITests */ = {
			isa = PBXNativeTarget;
			buildConfigurationList = 7F51409C2C50CD17001A8D6E /* Build configuration list for PBXNativeTarget "WorldWetherUITests" */;
			buildPhases = (
				7F5140882C50CD17001A8D6E /* Sources */,
				7F5140892C50CD17001A8D6E /* Frameworks */,
				7F51408A2C50CD17001A8D6E /* Resources */,
			);
			buildRules = (
			);
			dependencies = (
				7F51408E2C50CD17001A8D6E /* PBXTargetDependency */,
			);
			name = WorldWetherUITests;
			productName = WorldWetherUITests;
			productReference = 7F51408C2C50CD17001A8D6E /* WorldWetherUITests.xctest */;
			productType = "com.apple.product-type.bundle.ui-testing";
		};
/* End PBXNativeTarget section */

/* Begin PBXProject section */
		7F5140612C50CD14001A8D6E /* Project object */ = {
			isa = PBXProject;
			attributes = {
				BuildIndependentTargetsInParallel = 1;
				LastSwiftUpdateCheck = 1520;
				LastUpgradeCheck = 1520;
				TargetAttributes = {
					7F5140682C50CD14001A8D6E = {
						CreatedOnToolsVersion = 15.2;
					};
					7F5140812C50CD17001A8D6E = {
						CreatedOnToolsVersion = 15.2;
						TestTargetID = 7F5140682C50CD14001A8D6E;
					};
					7F51408B2C50CD17001A8D6E = {
						CreatedOnToolsVersion = 15.2;
						TestTargetID = 7F5140682C50CD14001A8D6E;
					};
				};
			};
			buildConfigurationList = 7F5140642C50CD14001A8D6E /* Build configuration list for PBXProject "WorldWether" */;
			compatibilityVersion = "Xcode 14.0";
			developmentRegion = en;
			hasScannedForEncodings = 0;
			knownRegions = (
				en,
				Base,
			);
			mainGroup = 7F5140602C50CD14001A8D6E;
			productRefGroup = 7F51406A2C50CD14001A8D6E /* Products */;
			projectDirPath = "";
			projectRoot = "";
			targets = (
				7F5140682C50CD14001A8D6E /* WorldWether */,
				7F5140812C50CD17001A8D6E /* WorldWetherTests */,
				7F51408B2C50CD17001A8D6E /* WorldWetherUITests */,
			);
		};
/* End PBXProject section */

/* Begin PBXResourcesBuildPhase section */
		7F5140672C50CD14001A8D6E /* Resources */ = {
			isa = PBXResourcesBuildPhase;
			buildActionMask = 2147483647;
			files = (
				7F51407C2C50CD17001A8D6E /* LaunchScreen.storyboard in Resources */,
				7F5140792C50CD17001A8D6E /* Assets.xcassets in Resources */,
			);
			runOnlyForDeploymentPostprocessing = 0;
		};
		7F5140802C50CD17001A8D6E /* Resources */ = {
			isa = PBXResourcesBuildPhase;
			buildActionMask = 2147483647;
			files = (
			);
			runOnlyForDeploymentPostprocessing = 0;
		};
		7F51408A2C50CD17001A8D6E /* Resources */ = {
			isa = PBXResourcesBuildPhase;
			buildActionMask = 2147483647;
			files = (
			);
			runOnlyForDeploymentPostprocessing = 0;
		};
/* End PBXResourcesBuildPhase section */

/* Begin PBXSourcesBuildPhase section */
		7F5140652C50CD14001A8D6E /* Sources */ = {
			isa = PBXSourcesBuildPhase;
			buildActionMask = 2147483647;
			files = (
				7F5140A42C50E3DD001A8D6E /* SignUpModel.swift in Sources */,
				7F47733F2C5B4FDF004B995B /* SignUpCoordinator.swift in Sources */,
				7F4773372C5A01EA004B995B /* MainCoordinator.swift in Sources */,
				7F4773242C53AE65004B995B /* WhetherDetailsViewModel.swift in Sources */,
				7F47733D2C5A6718004B995B /* UserListCoordinator.swift in Sources */,
				7F47732E2C58C244004B995B /* UserDetailsViewModel.swift in Sources */,
				7F5140712C50CD14001A8D6E /* LoginPageViewController.swift in Sources */,
				7F5140B02C5219D8001A8D6E /* UserDetailsViewController.swift in Sources */,
				7F4773312C58EED2004B995B /* SignUpViewModel.swift in Sources */,
				7F47732A2C57AD34004B995B /* LoginViewModel.swift in Sources */,
				7F51406D2C50CD14001A8D6E /* AppDelegate.swift in Sources */,
				7F5140AD2C5217CC001A8D6E /* UserListTableViewCell.swift in Sources */,
				7F51406F2C50CD14001A8D6E /* SceneDelegate.swift in Sources */,
				7F5140A72C510E15001A8D6E /* SearchPlaceTableViewController.swift in Sources */,
				7F5140AB2C51154E001A8D6E /* WhetherModel.swift in Sources */,
				7F4773352C59FF07004B995B /* Coordinator.swift in Sources */,
				7F4772DD2C537151004B995B /* APIManager.swift in Sources */,
				7F5140A92C5113AB001A8D6E /* UserListViewController.swift in Sources */,
				7F47733B2C5A66C3004B995B /* HomeCoordinator.swift in Sources */,
				7F5140A22C50D5E5001A8D6E /* SignUpPageViewController.swift in Sources */,
				7F47732C2C58BA3C004B995B /* UserListViewModel.swift in Sources */,
				7F4773392C5A6658004B995B /* LoginCoordinator.swift in Sources */,
				7F5140A02C50D5D6001A8D6E /* HomePageViewController.swift in Sources */,
				7F4773262C579979004B995B /* HomeViewModel.swift in Sources */,
				7F5140772C50CD14001A8D6E /* WorldWether.xcdatamodeld in Sources */,
			);
			runOnlyForDeploymentPostprocessing = 0;
		};
		7F51407E2C50CD17001A8D6E /* Sources */ = {
			isa = PBXSourcesBuildPhase;
			buildActionMask = 2147483647;
			files = (
				7F5140872C50CD17001A8D6E /* WorldWetherTests.swift in Sources */,
			);
			runOnlyForDeploymentPostprocessing = 0;
		};
		7F5140882C50CD17001A8D6E /* Sources */ = {
			isa = PBXSourcesBuildPhase;
			buildActionMask = 2147483647;
			files = (
				7F5140932C50CD17001A8D6E /* WorldWetherUITestsLaunchTests.swift in Sources */,
				7F5140912C50CD17001A8D6E /* WorldWetherUITests.swift in Sources */,
			);
			runOnlyForDeploymentPostprocessing = 0;
		};
/* End PBXSourcesBuildPhase section */

/* Begin PBXTargetDependency section */
		7F5140842C50CD17001A8D6E /* PBXTargetDependency */ = {
			isa = PBXTargetDependency;
			target = 7F5140682C50CD14001A8D6E /* WorldWether */;
			targetProxy = 7F5140832C50CD17001A8D6E /* PBXContainerItemProxy */;
		};
		7F51408E2C50CD17001A8D6E /* PBXTargetDependency */ = {
			isa = PBXTargetDependency;
			target = 7F5140682C50CD14001A8D6E /* WorldWether */;
			targetProxy = 7F51408D2C50CD17001A8D6E /* PBXContainerItemProxy */;
		};
/* End PBXTargetDependency section */

/* Begin PBXVariantGroup section */
		7F51407A2C50CD17001A8D6E /* LaunchScreen.storyboard */ = {
			isa = PBXVariantGroup;
			children = (
				7F51407B2C50CD17001A8D6E /* Base */,
			);
			name = LaunchScreen.storyboard;
			sourceTree = "<group>";
		};
/* End PBXVariantGroup section */

/* Begin XCBuildConfiguration section */
		7F5140942C50CD17001A8D6E /* Debug */ = {
			isa = XCBuildConfiguration;
			buildSettings = {
				ALWAYS_SEARCH_USER_PATHS = NO;
				ASSETCATALOG_COMPILER_GENERATE_SWIFT_ASSET_SYMBOL_EXTENSIONS = YES;
				CLANG_ANALYZER_NONNULL = YES;
				CLANG_ANALYZER_NUMBER_OBJECT_CONVERSION = YES_AGGRESSIVE;
				CLANG_CXX_LANGUAGE_STANDARD = "gnu++20";
				CLANG_ENABLE_MODULES = YES;
				CLANG_ENABLE_OBJC_ARC = YES;
				CLANG_ENABLE_OBJC_WEAK = YES;
				CLANG_WARN_BLOCK_CAPTURE_AUTORELEASING = YES;
				CLANG_WARN_BOOL_CONVERSION = YES;
				CLANG_WARN_COMMA = YES;
				CLANG_WARN_CONSTANT_CONVERSION = YES;
				CLANG_WARN_DEPRECATED_OBJC_IMPLEMENTATIONS = YES;
				CLANG_WARN_DIRECT_OBJC_ISA_USAGE = YES_ERROR;
				CLANG_WARN_DOCUMENTATION_COMMENTS = YES;
				CLANG_WARN_EMPTY_BODY = YES;
				CLANG_WARN_ENUM_CONVERSION = YES;
				CLANG_WARN_INFINITE_RECURSION = YES;
				CLANG_WARN_INT_CONVERSION = YES;
				CLANG_WARN_NON_LITERAL_NULL_CONVERSION = YES;
				CLANG_WARN_OBJC_IMPLICIT_RETAIN_SELF = YES;
				CLANG_WARN_OBJC_LITERAL_CONVERSION = YES;
				CLANG_WARN_OBJC_ROOT_CLASS = YES_ERROR;
				CLANG_WARN_QUOTED_INCLUDE_IN_FRAMEWORK_HEADER = YES;
				CLANG_WARN_RANGE_LOOP_ANALYSIS = YES;
				CLANG_WARN_STRICT_PROTOTYPES = YES;
				CLANG_WARN_SUSPICIOUS_MOVE = YES;
				CLANG_WARN_UNGUARDED_AVAILABILITY = YES_AGGRESSIVE;
				CLANG_WARN_UNREACHABLE_CODE = YES;
				CLANG_WARN__DUPLICATE_METHOD_MATCH = YES;
				COPY_PHASE_STRIP = NO;
				DEBUG_INFORMATION_FORMAT = dwarf;
				ENABLE_STRICT_OBJC_MSGSEND = YES;
				ENABLE_TESTABILITY = YES;
				ENABLE_USER_SCRIPT_SANDBOXING = YES;
				GCC_C_LANGUAGE_STANDARD = gnu17;
				GCC_DYNAMIC_NO_PIC = NO;
				GCC_NO_COMMON_BLOCKS = YES;
				GCC_OPTIMIZATION_LEVEL = 0;
				GCC_PREPROCESSOR_DEFINITIONS = (
					"DEBUG=1",
					"$(inherited)",
				);
				GCC_WARN_64_TO_32_BIT_CONVERSION = YES;
				GCC_WARN_ABOUT_RETURN_TYPE = YES_ERROR;
				GCC_WARN_UNDECLARED_SELECTOR = YES;
				GCC_WARN_UNINITIALIZED_AUTOS = YES_AGGRESSIVE;
				GCC_WARN_UNUSED_FUNCTION = YES;
				GCC_WARN_UNUSED_VARIABLE = YES;
				IPHONEOS_DEPLOYMENT_TARGET = 17.2;
				LOCALIZATION_PREFERS_STRING_CATALOGS = YES;
				MTL_ENABLE_DEBUG_INFO = INCLUDE_SOURCE;
				MTL_FAST_MATH = YES;
				ONLY_ACTIVE_ARCH = YES;
				SDKROOT = iphoneos;
				SWIFT_ACTIVE_COMPILATION_CONDITIONS = "DEBUG $(inherited)";
				SWIFT_OPTIMIZATION_LEVEL = "-Onone";
			};
			name = Debug;
		};
		7F5140952C50CD17001A8D6E /* Release */ = {
			isa = XCBuildConfiguration;
			buildSettings = {
				ALWAYS_SEARCH_USER_PATHS = NO;
				ASSETCATALOG_COMPILER_GENERATE_SWIFT_ASSET_SYMBOL_EXTENSIONS = YES;
				CLANG_ANALYZER_NONNULL = YES;
				CLANG_ANALYZER_NUMBER_OBJECT_CONVERSION = YES_AGGRESSIVE;
				CLANG_CXX_LANGUAGE_STANDARD = "gnu++20";
				CLANG_ENABLE_MODULES = YES;
				CLANG_ENABLE_OBJC_ARC = YES;
				CLANG_ENABLE_OBJC_WEAK = YES;
				CLANG_WARN_BLOCK_CAPTURE_AUTORELEASING = YES;
				CLANG_WARN_BOOL_CONVERSION = YES;
				CLANG_WARN_COMMA = YES;
				CLANG_WARN_CONSTANT_CONVERSION = YES;
				CLANG_WARN_DEPRECATED_OBJC_IMPLEMENTATIONS = YES;
				CLANG_WARN_DIRECT_OBJC_ISA_USAGE = YES_ERROR;
				CLANG_WARN_DOCUMENTATION_COMMENTS = YES;
				CLANG_WARN_EMPTY_BODY = YES;
				CLANG_WARN_ENUM_CONVERSION = YES;
				CLANG_WARN_INFINITE_RECURSION = YES;
				CLANG_WARN_INT_CONVERSION = YES;
				CLANG_WARN_NON_LITERAL_NULL_CONVERSION = YES;
				CLANG_WARN_OBJC_IMPLICIT_RETAIN_SELF = YES;
				CLANG_WARN_OBJC_LITERAL_CONVERSION = YES;
				CLANG_WARN_OBJC_ROOT_CLASS = YES_ERROR;
				CLANG_WARN_QUOTED_INCLUDE_IN_FRAMEWORK_HEADER = YES;
				CLANG_WARN_RANGE_LOOP_ANALYSIS = YES;
				CLANG_WARN_STRICT_PROTOTYPES = YES;
				CLANG_WARN_SUSPICIOUS_MOVE = YES;
				CLANG_WARN_UNGUARDED_AVAILABILITY = YES_AGGRESSIVE;
				CLANG_WARN_UNREACHABLE_CODE = YES;
				CLANG_WARN__DUPLICATE_METHOD_MATCH = YES;
				COPY_PHASE_STRIP = NO;
				DEBUG_INFORMATION_FORMAT = "dwarf-with-dsym";
				ENABLE_NS_ASSERTIONS = NO;
				ENABLE_STRICT_OBJC_MSGSEND = YES;
				ENABLE_USER_SCRIPT_SANDBOXING = YES;
				GCC_C_LANGUAGE_STANDARD = gnu17;
				GCC_NO_COMMON_BLOCKS = YES;
				GCC_WARN_64_TO_32_BIT_CONVERSION = YES;
				GCC_WARN_ABOUT_RETURN_TYPE = YES_ERROR;
				GCC_WARN_UNDECLARED_SELECTOR = YES;
				GCC_WARN_UNINITIALIZED_AUTOS = YES_AGGRESSIVE;
				GCC_WARN_UNUSED_FUNCTION = YES;
				GCC_WARN_UNUSED_VARIABLE = YES;
				IPHONEOS_DEPLOYMENT_TARGET = 17.2;
				LOCALIZATION_PREFERS_STRING_CATALOGS = YES;
				MTL_ENABLE_DEBUG_INFO = NO;
				MTL_FAST_MATH = YES;
				SDKROOT = iphoneos;
				SWIFT_COMPILATION_MODE = wholemodule;
				VALIDATE_PRODUCT = YES;
			};
			name = Release;
		};
		7F5140972C50CD17001A8D6E /* Debug */ = {
			isa = XCBuildConfiguration;
			buildSettings = {
				ASSETCATALOG_COMPILER_APPICON_NAME = AppIcon;
				ASSETCATALOG_COMPILER_GLOBAL_ACCENT_COLOR_NAME = AccentColor;
				CODE_SIGN_STYLE = Automatic;
				CURRENT_PROJECT_VERSION = 1;
				GENERATE_INFOPLIST_FILE = YES;
				INFOPLIST_FILE = WorldWether/Info.plist;
				INFOPLIST_KEY_UIApplicationSupportsIndirectInputEvents = YES;
				INFOPLIST_KEY_UILaunchStoryboardName = LaunchScreen;
				INFOPLIST_KEY_UISupportedInterfaceOrientations_iPad = "UIInterfaceOrientationPortrait UIInterfaceOrientationPortraitUpsideDown UIInterfaceOrientationLandscapeLeft UIInterfaceOrientationLandscapeRight";
				INFOPLIST_KEY_UISupportedInterfaceOrientations_iPhone = "UIInterfaceOrientationPortrait UIInterfaceOrientationLandscapeLeft UIInterfaceOrientationLandscapeRight";
				LD_RUNPATH_SEARCH_PATHS = (
					"$(inherited)",
					"@executable_path/Frameworks",
				);
				MARKETING_VERSION = 1.0;
				PRODUCT_BUNDLE_IDENTIFIER = com.gokul.WorldWether;
				PRODUCT_NAME = "$(TARGET_NAME)";
				SWIFT_EMIT_LOC_STRINGS = YES;
				SWIFT_VERSION = 5.0;
				TARGETED_DEVICE_FAMILY = "1,2";
			};
			name = Debug;
		};
		7F5140982C50CD17001A8D6E /* Release */ = {
			isa = XCBuildConfiguration;
			buildSettings = {
				ASSETCATALOG_COMPILER_APPICON_NAME = AppIcon;
				ASSETCATALOG_COMPILER_GLOBAL_ACCENT_COLOR_NAME = AccentColor;
				CODE_SIGN_STYLE = Automatic;
				CURRENT_PROJECT_VERSION = 1;
				GENERATE_INFOPLIST_FILE = YES;
				INFOPLIST_FILE = WorldWether/Info.plist;
				INFOPLIST_KEY_UIApplicationSupportsIndirectInputEvents = YES;
				INFOPLIST_KEY_UILaunchStoryboardName = LaunchScreen;
				INFOPLIST_KEY_UISupportedInterfaceOrientations_iPad = "UIInterfaceOrientationPortrait UIInterfaceOrientationPortraitUpsideDown UIInterfaceOrientationLandscapeLeft UIInterfaceOrientationLandscapeRight";
				INFOPLIST_KEY_UISupportedInterfaceOrientations_iPhone = "UIInterfaceOrientationPortrait UIInterfaceOrientationLandscapeLeft UIInterfaceOrientationLandscapeRight";
				LD_RUNPATH_SEARCH_PATHS = (
					"$(inherited)",
					"@executable_path/Frameworks",
				);
				MARKETING_VERSION = 1.0;
				PRODUCT_BUNDLE_IDENTIFIER = com.gokul.WorldWether;
				PRODUCT_NAME = "$(TARGET_NAME)";
				SWIFT_EMIT_LOC_STRINGS = YES;
				SWIFT_VERSION = 5.0;
				TARGETED_DEVICE_FAMILY = "1,2";
			};
			name = Release;
		};
		7F51409A2C50CD17001A8D6E /* Debug */ = {
			isa = XCBuildConfiguration;
			buildSettings = {
				ALWAYS_EMBED_SWIFT_STANDARD_LIBRARIES = YES;
				BUNDLE_LOADER = "$(TEST_HOST)";
				CODE_SIGN_STYLE = Automatic;
				CURRENT_PROJECT_VERSION = 1;
				GENERATE_INFOPLIST_FILE = YES;
				IPHONEOS_DEPLOYMENT_TARGET = 17.2;
				MARKETING_VERSION = 1.0;
				PRODUCT_BUNDLE_IDENTIFIER = com.gokul.WorldWetherTests;
				PRODUCT_NAME = "$(TARGET_NAME)";
				SWIFT_EMIT_LOC_STRINGS = NO;
				SWIFT_VERSION = 5.0;
				TARGETED_DEVICE_FAMILY = "1,2";
				TEST_HOST = "$(BUILT_PRODUCTS_DIR)/WorldWether.app/$(BUNDLE_EXECUTABLE_FOLDER_PATH)/WorldWether";
			};
			name = Debug;
		};
		7F51409B2C50CD17001A8D6E /* Release */ = {
			isa = XCBuildConfiguration;
			buildSettings = {
				ALWAYS_EMBED_SWIFT_STANDARD_LIBRARIES = YES;
				BUNDLE_LOADER = "$(TEST_HOST)";
				CODE_SIGN_STYLE = Automatic;
				CURRENT_PROJECT_VERSION = 1;
				GENERATE_INFOPLIST_FILE = YES;
				IPHONEOS_DEPLOYMENT_TARGET = 17.2;
				MARKETING_VERSION = 1.0;
				PRODUCT_BUNDLE_IDENTIFIER = com.gokul.WorldWetherTests;
				PRODUCT_NAME = "$(TARGET_NAME)";
				SWIFT_EMIT_LOC_STRINGS = NO;
				SWIFT_VERSION = 5.0;
				TARGETED_DEVICE_FAMILY = "1,2";
				TEST_HOST = "$(BUILT_PRODUCTS_DIR)/WorldWether.app/$(BUNDLE_EXECUTABLE_FOLDER_PATH)/WorldWether";
			};
			name = Release;
		};
		7F51409D2C50CD17001A8D6E /* Debug */ = {
			isa = XCBuildConfiguration;
			buildSettings = {
				ALWAYS_EMBED_SWIFT_STANDARD_LIBRARIES = YES;
				CODE_SIGN_STYLE = Automatic;
				CURRENT_PROJECT_VERSION = 1;
				GENERATE_INFOPLIST_FILE = YES;
				MARKETING_VERSION = 1.0;
				PRODUCT_BUNDLE_IDENTIFIER = com.gokul.WorldWetherUITests;
				PRODUCT_NAME = "$(TARGET_NAME)";
				SWIFT_EMIT_LOC_STRINGS = NO;
				SWIFT_VERSION = 5.0;
				TARGETED_DEVICE_FAMILY = "1,2";
				TEST_TARGET_NAME = WorldWether;
			};
			name = Debug;
		};
		7F51409E2C50CD17001A8D6E /* Release */ = {
			isa = XCBuildConfiguration;
			buildSettings = {
				ALWAYS_EMBED_SWIFT_STANDARD_LIBRARIES = YES;
				CODE_SIGN_STYLE = Automatic;
				CURRENT_PROJECT_VERSION = 1;
				GENERATE_INFOPLIST_FILE = YES;
				MARKETING_VERSION = 1.0;
				PRODUCT_BUNDLE_IDENTIFIER = com.gokul.WorldWetherUITests;
				PRODUCT_NAME = "$(TARGET_NAME)";
				SWIFT_EMIT_LOC_STRINGS = NO;
				SWIFT_VERSION = 5.0;
				TARGETED_DEVICE_FAMILY = "1,2";
				TEST_TARGET_NAME = WorldWether;
			};
			name = Release;
		};
/* End XCBuildConfiguration section */

/* Begin XCConfigurationList section */
		7F5140642C50CD14001A8D6E /* Build configuration list for PBXProject "WorldWether" */ = {
			isa = XCConfigurationList;
			buildConfigurations = (
				7F5140942C50CD17001A8D6E /* Debug */,
				7F5140952C50CD17001A8D6E /* Release */,
			);
			defaultConfigurationIsVisible = 0;
			defaultConfigurationName = Release;
		};
		7F5140962C50CD17001A8D6E /* Build configuration list for PBXNativeTarget "WorldWether" */ = {
			isa = XCConfigurationList;
			buildConfigurations = (
				7F5140972C50CD17001A8D6E /* Debug */,
				7F5140982C50CD17001A8D6E /* Release */,
			);
			defaultConfigurationIsVisible = 0;
			defaultConfigurationName = Release;
		};
		7F5140992C50CD17001A8D6E /* Build configuration list for PBXNativeTarget "WorldWetherTests" */ = {
			isa = XCConfigurationList;
			buildConfigurations = (
				7F51409A2C50CD17001A8D6E /* Debug */,
				7F51409B2C50CD17001A8D6E /* Release */,
			);
			defaultConfigurationIsVisible = 0;
			defaultConfigurationName = Release;
		};
		7F51409C2C50CD17001A8D6E /* Build configuration list for PBXNativeTarget "WorldWetherUITests" */ = {
			isa = XCConfigurationList;
			buildConfigurations = (
				7F51409D2C50CD17001A8D6E /* Debug */,
				7F51409E2C50CD17001A8D6E /* Release */,
			);
			defaultConfigurationIsVisible = 0;
			defaultConfigurationName = Release;
		};
/* End XCConfigurationList section */

/* Begin XCVersionGroup section */
		7F5140752C50CD14001A8D6E /* WorldWether.xcdatamodeld */ = {
			isa = XCVersionGroup;
			children = (
				7F5140762C50CD14001A8D6E /* WorldWether.xcdatamodel */,
			);
			currentVersion = 7F5140762C50CD14001A8D6E /* WorldWether.xcdatamodel */;
			path = WorldWether.xcdatamodeld;
			sourceTree = "<group>";
			versionGroupType = wrapper.xcdatamodel;
		};
/* End XCVersionGroup section */
	};
	rootObject = 7F5140612C50CD14001A8D6E /* Project object */;
}
